// !$*UTF8*$!
{
	archiveVersion = 1;
	classes = {
	};
	objectVersion = 54;
	objects = {

/* Begin PBXBuildFile section */
		02DABE0DB01CF0B60C8A0F30 /* TreadmillState.swift in Sources */ = {isa = PBXBuildFile; fileRef = 80B4C91C09CF55B67985ABA0 /* TreadmillState.swift */; };
		0B55367F19224A384238B1E2 /* UserProfile.swift in Sources */ = {isa = PBXBuildFile; fileRef = B72DF083B5A95320E711D079 /* UserProfile.swift */; };
		126033792B92999D9A25BACB /* StatusBarController.swift in Sources */ = {isa = PBXBuildFile; fileRef = 89CCF68B490A90305E0EFA92 /* StatusBarController.swift */; };
		26A12D169DA4128348F487D5 /* Assets.xcassets in Resources */ = {isa = PBXBuildFile; fileRef = 042472EF472ADD86221EEFFD /* Assets.xcassets */; };
		273DFA07909A7CD5C3FE5283 /* TreadmillService.swift in Sources */ = {isa = PBXBuildFile; fileRef = 0F726B8D0DF33FCDC643D854 /* TreadmillService.swift */; };
		2C0F3029F34505EC32DBDCDB /* WorkoutSession.swift in Sources */ = {isa = PBXBuildFile; fileRef = DC50DA8CEDBC90556DD795C4 /* WorkoutSession.swift */; };
		30B7FCD8D0422F9F30675563 /* CoreData.framework in Frameworks */ = {isa = PBXBuildFile; fileRef = B024495C24CA065DACE1D0AB /* CoreData.framework */; };
		3BF490D48CDADC266F88FAF7 /* SettingsView.swift in Sources */ = {isa = PBXBuildFile; fileRef = 5D06E9ACA4A4193918B9F2C8 /* SettingsView.swift */; };
		669C614E6FE56ABBDD363E10 /* AppDelegate.swift in Sources */ = {isa = PBXBuildFile; fileRef = 2A0A9A85B16433FD88FA05D5 /* AppDelegate.swift */; };
		69240B71D56953BBED256F26 /* TreadmillCommand.swift in Sources */ = {isa = PBXBuildFile; fileRef = 5FCDC9951F85CD6037A675C3 /* TreadmillCommand.swift */; };
		7F35F26E6AC9424015E671F7 /* SettingsManager.swift in Sources */ = {isa = PBXBuildFile; fileRef = 953C422232327B316BEC9DEA /* SettingsManager.swift */; };
		8A8B74CC482540B8E6AB5040 /* Double+Extensions.swift in Sources */ = {isa = PBXBuildFile; fileRef = AAD2AC18B725B82D8DB57A66 /* Double+Extensions.swift */; };
		955DFD011E576F4A45DA4710 /* BluetoothService.swift in Sources */ = {isa = PBXBuildFile; fileRef = B18C44D9A512DF5BDC1C47AC /* BluetoothService.swift */; };
		A7E658C0A96E203AF5987FE9 /* MainMenuView.swift in Sources */ = {isa = PBXBuildFile; fileRef = 8691281C8F820CB19AE498E8 /* MainMenuView.swift */; };
		AE7D8EABAA176B8964542E89 /* Data+Extensions.swift in Sources */ = {isa = PBXBuildFile; fileRef = 4FD8B29713498F6A72E1D018 /* Data+Extensions.swift */; };
		B9C8CBB87DDE165FF590BC4E /* BTreadmillApp.swift in Sources */ = {isa = PBXBuildFile; fileRef = 85521DF8F4CEB1170C6BBA7A /* BTreadmillApp.swift */; };
		E2F65E8F99029A39C0631A89 /* WorkoutManager.swift in Sources */ = {isa = PBXBuildFile; fileRef = 1E0EA2AFC646F4E5C211D454 /* WorkoutManager.swift */; };
		F23FD071ACD663D76BAA1103 /* Int+Extensions.swift in Sources */ = {isa = PBXBuildFile; fileRef = 2ED4065CD52DA9ADCCDF6583 /* Int+Extensions.swift */; };
		F408851AA7F16D4B0D605532 /* CoreBluetooth.framework in Frameworks */ = {isa = PBXBuildFile; fileRef = 391EEFAF26C5A36ADE56F884 /* CoreBluetooth.framework */; };
		FF366C2BCD61D1E25CD4F2FB /* RunningState.swift in Sources */ = {isa = PBXBuildFile; fileRef = 29EB589EDE129FA7C68C3818 /* RunningState.swift */; };
/* End PBXBuildFile section */

/* Begin PBXFileReference section */
		042472EF472ADD86221EEFFD /* Assets.xcassets */ = {isa = PBXFileReference; lastKnownFileType = folder.assetcatalog; path = Assets.xcassets; sourceTree = "<group>"; };
		0F726B8D0DF33FCDC643D854 /* TreadmillService.swift */ = {isa = PBXFileReference; lastKnownFileType = sourcecode.swift; path = TreadmillService.swift; sourceTree = "<group>"; };
		1E0EA2AFC646F4E5C211D454 /* WorkoutManager.swift */ = {isa = PBXFileReference; lastKnownFileType = sourcecode.swift; path = WorkoutManager.swift; sourceTree = "<group>"; };
		29EB589EDE129FA7C68C3818 /* RunningState.swift */ = {isa = PBXFileReference; lastKnownFileType = sourcecode.swift; path = RunningState.swift; sourceTree = "<group>"; };
		2A0A9A85B16433FD88FA05D5 /* AppDelegate.swift */ = {isa = PBXFileReference; lastKnownFileType = sourcecode.swift; path = AppDelegate.swift; sourceTree = "<group>"; };
		2ED4065CD52DA9ADCCDF6583 /* Int+Extensions.swift */ = {isa = PBXFileReference; lastKnownFileType = sourcecode.swift; path = "Int+Extensions.swift"; sourceTree = "<group>"; };
		391EEFAF26C5A36ADE56F884 /* CoreBluetooth.framework */ = {isa = PBXFileReference; lastKnownFileType = wrapper.framework; name = CoreBluetooth.framework; path = System/Library/Frameworks/CoreBluetooth.framework; sourceTree = SDKROOT; };
		4FD8B29713498F6A72E1D018 /* Data+Extensions.swift */ = {isa = PBXFileReference; lastKnownFileType = sourcecode.swift; path = "Data+Extensions.swift"; sourceTree = "<group>"; };
		5D06E9ACA4A4193918B9F2C8 /* SettingsView.swift */ = {isa = PBXFileReference; lastKnownFileType = sourcecode.swift; path = SettingsView.swift; sourceTree = "<group>"; };
		5FCDC9951F85CD6037A675C3 /* TreadmillCommand.swift */ = {isa = PBXFileReference; lastKnownFileType = sourcecode.swift; path = TreadmillCommand.swift; sourceTree = "<group>"; };
		80B4C91C09CF55B67985ABA0 /* TreadmillState.swift */ = {isa = PBXFileReference; lastKnownFileType = sourcecode.swift; path = TreadmillState.swift; sourceTree = "<group>"; };
		82C972BEA7C169AD2D3C5F54 /* Info.plist */ = {isa = PBXFileReference; lastKnownFileType = text.plist; path = Info.plist; sourceTree = "<group>"; };
		85521DF8F4CEB1170C6BBA7A /* BTreadmillApp.swift */ = {isa = PBXFileReference; lastKnownFileType = sourcecode.swift; path = BTreadmillApp.swift; sourceTree = "<group>"; };
		8691281C8F820CB19AE498E8 /* MainMenuView.swift */ = {isa = PBXFileReference; lastKnownFileType = sourcecode.swift; path = MainMenuView.swift; sourceTree = "<group>"; };
		89CCF68B490A90305E0EFA92 /* StatusBarController.swift */ = {isa = PBXFileReference; lastKnownFileType = sourcecode.swift; path = StatusBarController.swift; sourceTree = "<group>"; };
		953C422232327B316BEC9DEA /* SettingsManager.swift */ = {isa = PBXFileReference; lastKnownFileType = sourcecode.swift; path = SettingsManager.swift; sourceTree = "<group>"; };
		AAD2AC18B725B82D8DB57A66 /* Double+Extensions.swift */ = {isa = PBXFileReference; lastKnownFileType = sourcecode.swift; path = "Double+Extensions.swift"; sourceTree = "<group>"; };
		B024495C24CA065DACE1D0AB /* CoreData.framework */ = {isa = PBXFileReference; lastKnownFileType = wrapper.framework; name = CoreData.framework; path = System/Library/Frameworks/CoreData.framework; sourceTree = SDKROOT; };
		B18C44D9A512DF5BDC1C47AC /* BluetoothService.swift */ = {isa = PBXFileReference; lastKnownFileType = sourcecode.swift; path = BluetoothService.swift; sourceTree = "<group>"; };
		B72DF083B5A95320E711D079 /* UserProfile.swift */ = {isa = PBXFileReference; lastKnownFileType = sourcecode.swift; path = UserProfile.swift; sourceTree = "<group>"; };
		D07F3F52E794D376E36082EE /* BTreadmill.entitlements */ = {isa = PBXFileReference; lastKnownFileType = text.plist.entitlements; path = BTreadmill.entitlements; sourceTree = "<group>"; };
		DC50DA8CEDBC90556DD795C4 /* WorkoutSession.swift */ = {isa = PBXFileReference; lastKnownFileType = sourcecode.swift; path = WorkoutSession.swift; sourceTree = "<group>"; };
		FDFED93E3D131BF4AEE151F0 /* BTreadmill.app */ = {isa = PBXFileReference; explicitFileType = wrapper.application; includeInIndex = 0; path = BTreadmill.app; sourceTree = BUILT_PRODUCTS_DIR; };
/* End PBXFileReference section */

/* Begin PBXFrameworksBuildPhase section */
		E8F191367E0375E5CDCE0DA0 /* Frameworks */ = {
			isa = PBXFrameworksBuildPhase;
			buildActionMask = 2147483647;
			files = (
				F408851AA7F16D4B0D605532 /* CoreBluetooth.framework in Frameworks */,
				30B7FCD8D0422F9F30675563 /* CoreData.framework in Frameworks */,
			);
			runOnlyForDeploymentPostprocessing = 0;
		};
/* End PBXFrameworksBuildPhase section */

/* Begin PBXGroup section */
		0384832233DA8588838F7C75 = {
			isa = PBXGroup;
			children = (
				50940CBF7E72F9E64DD5B2AA /* BTreadmill */,
				77371591AA2EE18147622377 /* Frameworks */,
				13A39FAEC89AFF19D07A4E7F /* Products */,
			);
			sourceTree = "<group>";
		};
		13A39FAEC89AFF19D07A4E7F /* Products */ = {
			isa = PBXGroup;
			children = (
				FDFED93E3D131BF4AEE151F0 /* BTreadmill.app */,
			);
			name = Products;
			sourceTree = "<group>";
		};
		29418AA888F78774253718A5 /* Resources */ = {
			isa = PBXGroup;
			children = (
				042472EF472ADD86221EEFFD /* Assets.xcassets */,
			);
			path = Resources;
			sourceTree = "<group>";
		};
		3BDC5FC95BB07FC1C062D50E /* Core */ = {
			isa = PBXGroup;
			children = (
				85C545ACE6ADDFE3FF78A4C6 /* Extensions */,
				3E8152C18977837A85F4C261 /* Models */,
				89B32460C547FE6B673680F3 /* Services */,
			);
			path = Core;
			sourceTree = "<group>";
		};
		3E8152C18977837A85F4C261 /* Models */ = {
			isa = PBXGroup;
			children = (
				29EB589EDE129FA7C68C3818 /* RunningState.swift */,
				5FCDC9951F85CD6037A675C3 /* TreadmillCommand.swift */,
				80B4C91C09CF55B67985ABA0 /* TreadmillState.swift */,
				B72DF083B5A95320E711D079 /* UserProfile.swift */,
				DC50DA8CEDBC90556DD795C4 /* WorkoutSession.swift */,
			);
			path = Models;
			sourceTree = "<group>";
		};
		50940CBF7E72F9E64DD5B2AA /* BTreadmill */ = {
			isa = PBXGroup;
			children = (
				D07F3F52E794D376E36082EE /* BTreadmill.entitlements */,
				82C972BEA7C169AD2D3C5F54 /* Info.plist */,
				F80042AEBEF13AFB1A1C7073 /* App */,
				3BDC5FC95BB07FC1C062D50E /* Core */,
				A02F0BD53B5D93C55CCA1E22 /* Presentation */,
				29418AA888F78774253718A5 /* Resources */,
			);
			path = BTreadmill;
			sourceTree = "<group>";
		};
		77371591AA2EE18147622377 /* Frameworks */ = {
			isa = PBXGroup;
			children = (
				391EEFAF26C5A36ADE56F884 /* CoreBluetooth.framework */,
				B024495C24CA065DACE1D0AB /* CoreData.framework */,
			);
			name = Frameworks;
			sourceTree = "<group>";
		};
		7C1DA49D12CE0F26F71A0363 /* Components */ = {
			isa = PBXGroup;
			children = (
				89CCF68B490A90305E0EFA92 /* StatusBarController.swift */,
			);
			path = Components;
			sourceTree = "<group>";
		};
		8104CED0565209B15F3CA503 /* Views */ = {
			isa = PBXGroup;
			children = (
				8691281C8F820CB19AE498E8 /* MainMenuView.swift */,
				5D06E9ACA4A4193918B9F2C8 /* SettingsView.swift */,
			);
			path = Views;
			sourceTree = "<group>";
		};
		85C545ACE6ADDFE3FF78A4C6 /* Extensions */ = {
			isa = PBXGroup;
			children = (
				4FD8B29713498F6A72E1D018 /* Data+Extensions.swift */,
				AAD2AC18B725B82D8DB57A66 /* Double+Extensions.swift */,
				2ED4065CD52DA9ADCCDF6583 /* Int+Extensions.swift */,
			);
			path = Extensions;
			sourceTree = "<group>";
		};
		89B32460C547FE6B673680F3 /* Services */ = {
			isa = PBXGroup;
			children = (
				B18C44D9A512DF5BDC1C47AC /* BluetoothService.swift */,
				953C422232327B316BEC9DEA /* SettingsManager.swift */,
				0F726B8D0DF33FCDC643D854 /* TreadmillService.swift */,
				1E0EA2AFC646F4E5C211D454 /* WorkoutManager.swift */,
			);
			path = Services;
			sourceTree = "<group>";
		};
		A02F0BD53B5D93C55CCA1E22 /* Presentation */ = {
			isa = PBXGroup;
			children = (
				7C1DA49D12CE0F26F71A0363 /* Components */,
				8104CED0565209B15F3CA503 /* Views */,
			);
			path = Presentation;
			sourceTree = "<group>";
		};
		F80042AEBEF13AFB1A1C7073 /* App */ = {
			isa = PBXGroup;
			children = (
				2A0A9A85B16433FD88FA05D5 /* AppDelegate.swift */,
				85521DF8F4CEB1170C6BBA7A /* BTreadmillApp.swift */,
			);
			path = App;
			sourceTree = "<group>";
		};
/* End PBXGroup section */

/* Begin PBXNativeTarget section */
		563BD3EFB6D5989917F7140B /* BTreadmill */ = {
			isa = PBXNativeTarget;
			buildConfigurationList = 8E0994FDE60A0ED877EE810F /* Build configuration list for PBXNativeTarget "BTreadmill" */;
			buildPhases = (
				3B696C4AB5F5EDD2648F6101 /* Sources */,
				48A8747C52C91A38F1E1E8D9 /* Resources */,
				E8F191367E0375E5CDCE0DA0 /* Frameworks */,
			);
			buildRules = (
			);
			dependencies = (
			);
			name = BTreadmill;
			productName = BTreadmill;
			productReference = FDFED93E3D131BF4AEE151F0 /* BTreadmill.app */;
			productType = "com.apple.product-type.application";
		};
/* End PBXNativeTarget section */

/* Begin PBXProject section */
		24A2A5D7ED0DBAFDE97E2071 /* Project object */ = {
			isa = PBXProject;
			attributes = {
				BuildIndependentTargetsInParallel = YES;
				LastUpgradeCheck = 1430;
				TargetAttributes = {
					563BD3EFB6D5989917F7140B = {
						ProvisioningStyle = Manual;
					};
				};
			};
			buildConfigurationList = 71F15896F64230EBA9744D50 /* Build configuration list for PBXProject "BTreadmill" */;
			compatibilityVersion = "Xcode 14.0";
			developmentRegion = en;
			hasScannedForEncodings = 0;
			knownRegions = (
				Base,
				en,
			);
			mainGroup = 0384832233DA8588838F7C75;
			projectDirPath = "";
			projectRoot = "";
			targets = (
				563BD3EFB6D5989917F7140B /* BTreadmill */,
			);
		};
/* End PBXProject section */

/* Begin PBXResourcesBuildPhase section */
		48A8747C52C91A38F1E1E8D9 /* Resources */ = {
			isa = PBXResourcesBuildPhase;
			buildActionMask = 2147483647;
			files = (
				26A12D169DA4128348F487D5 /* Assets.xcassets in Resources */,
			);
			runOnlyForDeploymentPostprocessing = 0;
		};
/* End PBXResourcesBuildPhase section */

/* Begin PBXSourcesBuildPhase section */
		3B696C4AB5F5EDD2648F6101 /* Sources */ = {
			isa = PBXSourcesBuildPhase;
			buildActionMask = 2147483647;
			files = (
				669C614E6FE56ABBDD363E10 /* AppDelegate.swift in Sources */,
				B9C8CBB87DDE165FF590BC4E /* BTreadmillApp.swift in Sources */,
				955DFD011E576F4A45DA4710 /* BluetoothService.swift in Sources */,
				AE7D8EABAA176B8964542E89 /* Data+Extensions.swift in Sources */,
				8A8B74CC482540B8E6AB5040 /* Double+Extensions.swift in Sources */,
				F23FD071ACD663D76BAA1103 /* Int+Extensions.swift in Sources */,
				A7E658C0A96E203AF5987FE9 /* MainMenuView.swift in Sources */,
				FF366C2BCD61D1E25CD4F2FB /* RunningState.swift in Sources */,
				7F35F26E6AC9424015E671F7 /* SettingsManager.swift in Sources */,
				3BF490D48CDADC266F88FAF7 /* SettingsView.swift in Sources */,
				126033792B92999D9A25BACB /* StatusBarController.swift in Sources */,
				69240B71D56953BBED256F26 /* TreadmillCommand.swift in Sources */,
				273DFA07909A7CD5C3FE5283 /* TreadmillService.swift in Sources */,
				02DABE0DB01CF0B60C8A0F30 /* TreadmillState.swift in Sources */,
				0B55367F19224A384238B1E2 /* UserProfile.swift in Sources */,
				E2F65E8F99029A39C0631A89 /* WorkoutManager.swift in Sources */,
				2C0F3029F34505EC32DBDCDB /* WorkoutSession.swift in Sources */,
			);
			runOnlyForDeploymentPostprocessing = 0;
		};
/* End PBXSourcesBuildPhase section */

/* Begin XCBuildConfiguration section */
		24FDD3826085579C26C2CFD0 /* Release */ = {
			isa = XCBuildConfiguration;
			buildSettings = {
				ALWAYS_SEARCH_USER_PATHS = NO;
				CLANG_ANALYZER_NONNULL = YES;
				CLANG_ANALYZER_NUMBER_OBJECT_CONVERSION = YES_AGGRESSIVE;
				CLANG_CXX_LANGUAGE_STANDARD = "gnu++14";
				CLANG_CXX_LIBRARY = "libc++";
				CLANG_ENABLE_MODULES = YES;
				CLANG_ENABLE_OBJC_ARC = YES;
				CLANG_ENABLE_OBJC_WEAK = YES;
				CLANG_WARN_BLOCK_CAPTURE_AUTORELEASING = YES;
				CLANG_WARN_BOOL_CONVERSION = YES;
				CLANG_WARN_COMMA = YES;
				CLANG_WARN_CONSTANT_CONVERSION = YES;
				CLANG_WARN_DEPRECATED_OBJC_IMPLEMENTATIONS = YES;
				CLANG_WARN_DIRECT_OBJC_ISA_USAGE = YES_ERROR;
				CLANG_WARN_DOCUMENTATION_COMMENTS = YES;
				CLANG_WARN_EMPTY_BODY = YES;
				CLANG_WARN_ENUM_CONVERSION = YES;
				CLANG_WARN_INFINITE_RECURSION = YES;
				CLANG_WARN_INT_CONVERSION = YES;
				CLANG_WARN_NON_LITERAL_NULL_CONVERSION = YES;
				CLANG_WARN_OBJC_IMPLICIT_RETAIN_SELF = YES;
				CLANG_WARN_OBJC_LITERAL_CONVERSION = YES;
				CLANG_WARN_OBJC_ROOT_CLASS = YES_ERROR;
				CLANG_WARN_QUOTED_INCLUDE_IN_FRAMEWORK_HEADER = YES;
				CLANG_WARN_RANGE_LOOP_ANALYSIS = YES;
				CLANG_WARN_STRICT_PROTOTYPES = YES;
				CLANG_WARN_SUSPICIOUS_MOVE = YES;
				CLANG_WARN_UNGUARDED_AVAILABILITY = YES_AGGRESSIVE;
				CLANG_WARN_UNREACHABLE_CODE = YES;
				CLANG_WARN__DUPLICATE_METHOD_MATCH = YES;
				CODE_SIGN_IDENTITY = "-";
				CODE_SIGN_STYLE = Manual;
				COPY_PHASE_STRIP = NO;
				CURRENT_PROJECT_VERSION = 1;
				DEBUG_INFORMATION_FORMAT = "dwarf-with-dsym";
				ENABLE_APP_SANDBOX = NO;
				ENABLE_HARDENED_RUNTIME = NO;
				ENABLE_NS_ASSERTIONS = NO;
				ENABLE_STRICT_OBJC_MSGSEND = YES;
				GCC_C_LANGUAGE_STANDARD = gnu11;
				GCC_NO_COMMON_BLOCKS = YES;
				GCC_WARN_64_TO_32_BIT_CONVERSION = YES;
				GCC_WARN_ABOUT_RETURN_TYPE = YES_ERROR;
				GCC_WARN_UNDECLARED_SELECTOR = YES;
				GCC_WARN_UNINITIALIZED_AUTOS = YES_AGGRESSIVE;
				GCC_WARN_UNUSED_FUNCTION = YES;
				GCC_WARN_UNUSED_VARIABLE = YES;
				MACOSX_DEPLOYMENT_TARGET = 13.0;
				MARKETING_VERSION = 1.0.0;
				MTL_ENABLE_DEBUG_INFO = NO;
				MTL_FAST_MATH = YES;
				PRODUCT_NAME = "$(TARGET_NAME)";
				SDKROOT = macosx;
				SWIFT_COMPILATION_MODE = wholemodule;
				SWIFT_OPTIMIZATION_LEVEL = "-O";
				SWIFT_VERSION = 5.9;
			};
			name = Release;
		};
		4997D76E96592C278FB07570 /* Debug */ = {
			isa = XCBuildConfiguration;
			buildSettings = {
				ASSETCATALOG_COMPILER_APPICON_NAME = AppIcon;
				CODE_SIGN_IDENTITY = "-";
				CODE_SIGN_STYLE = Manual;
				COMBINE_HIDPI_IMAGES = YES;
				ENABLE_APP_SANDBOX = NO;
				ENABLE_HARDENED_RUNTIME = NO;
				INFOPLIST_FILE = BTreadmill/Info.plist;
				LD_RUNPATH_SEARCH_PATHS = (
					"$(inherited)",
					"@executable_path/../Frameworks",
				);
				LSUIElement = YES;
				NSBluetoothAlwaysUsageDescription = "BTreadmill needs Bluetooth access to connect and control your treadmill.";
				NSBluetoothPeripheralUsageDescription = "BTreadmill needs Bluetooth access to connect and control your treadmill.";
				PRODUCT_BUNDLE_IDENTIFIER = com.lukasz.btreadmill;
				SDKROOT = macosx;
			};
			name = Debug;
		};
		4CC64C5A1A375D5256BFC470 /* Release */ = {
			isa = XCBuildConfiguration;
			buildSettings = {
				ASSETCATALOG_COMPILER_APPICON_NAME = AppIcon;
				CODE_SIGN_IDENTITY = "-";
				CODE_SIGN_STYLE = Manual;
				COMBINE_HIDPI_IMAGES = YES;
				ENABLE_APP_SANDBOX = NO;
				ENABLE_HARDENED_RUNTIME = NO;
				INFOPLIST_FILE = BTreadmill/Info.plist;
				LD_RUNPATH_SEARCH_PATHS = (
					"$(inherited)",
					"@executable_path/../Frameworks",
				);
				LSUIElement = YES;
				NSBluetoothAlwaysUsageDescription = "BTreadmill needs Bluetooth access to connect and control your treadmill.";
				NSBluetoothPeripheralUsageDescription = "BTreadmill needs Bluetooth access to connect and control your treadmill.";
				PRODUCT_BUNDLE_IDENTIFIER = com.lukasz.btreadmill;
				SDKROOT = macosx;
			};
			name = Release;
		};
		71C7A8E83676BE4A304F2C5F /* Debug */ = {
			isa = XCBuildConfiguration;
			buildSettings = {
				ALWAYS_SEARCH_USER_PATHS = NO;
				CLANG_ANALYZER_NONNULL = YES;
				CLANG_ANALYZER_NUMBER_OBJECT_CONVERSION = YES_AGGRESSIVE;
				CLANG_CXX_LANGUAGE_STANDARD = "gnu++14";
				CLANG_CXX_LIBRARY = "libc++";
				CLANG_ENABLE_MODULES = YES;
				CLANG_ENABLE_OBJC_ARC = YES;
				CLANG_ENABLE_OBJC_WEAK = YES;
				CLANG_WARN_BLOCK_CAPTURE_AUTORELEASING = YES;
				CLANG_WARN_BOOL_CONVERSION = YES;
				CLANG_WARN_COMMA = YES;
				CLANG_WARN_CONSTANT_CONVERSION = YES;
				CLANG_WARN_DEPRECATED_OBJC_IMPLEMENTATIONS = YES;
				CLANG_WARN_DIRECT_OBJC_ISA_USAGE = YES_ERROR;
				CLANG_WARN_DOCUMENTATION_COMMENTS = YES;
				CLANG_WARN_EMPTY_BODY = YES;
				CLANG_WARN_ENUM_CONVERSION = YES;
				CLANG_WARN_INFINITE_RECURSION = YES;
				CLANG_WARN_INT_CONVERSION = YES;
				CLANG_WARN_NON_LITERAL_NULL_CONVERSION = YES;
				CLANG_WARN_OBJC_IMPLICIT_RETAIN_SELF = YES;
				CLANG_WARN_OBJC_LITERAL_CONVERSION = YES;
				CLANG_WARN_OBJC_ROOT_CLASS = YES_ERROR;
				CLANG_WARN_QUOTED_INCLUDE_IN_FRAMEWORK_HEADER = YES;
				CLANG_WARN_RANGE_LOOP_ANALYSIS = YES;
				CLANG_WARN_STRICT_PROTOTYPES = YES;
				CLANG_WARN_SUSPICIOUS_MOVE = YES;
				CLANG_WARN_UNGUARDED_AVAILABILITY = YES_AGGRESSIVE;
				CLANG_WARN_UNREACHABLE_CODE = YES;
				CLANG_WARN__DUPLICATE_METHOD_MATCH = YES;
				CODE_SIGN_IDENTITY = "-";
				CODE_SIGN_STYLE = Manual;
				COPY_PHASE_STRIP = NO;
				CURRENT_PROJECT_VERSION = 1;
				DEBUG_INFORMATION_FORMAT = dwarf;
				ENABLE_APP_SANDBOX = NO;
				ENABLE_HARDENED_RUNTIME = NO;
				ENABLE_STRICT_OBJC_MSGSEND = YES;
				ENABLE_TESTABILITY = YES;
				GCC_C_LANGUAGE_STANDARD = gnu11;
				GCC_DYNAMIC_NO_PIC = NO;
				GCC_NO_COMMON_BLOCKS = YES;
				GCC_OPTIMIZATION_LEVEL = 0;
				GCC_PREPROCESSOR_DEFINITIONS = (
					"$(inherited)",
					"DEBUG=1",
				);
				GCC_WARN_64_TO_32_BIT_CONVERSION = YES;
				GCC_WARN_ABOUT_RETURN_TYPE = YES_ERROR;
				GCC_WARN_UNDECLARED_SELECTOR = YES;
				GCC_WARN_UNINITIALIZED_AUTOS = YES_AGGRESSIVE;
				GCC_WARN_UNUSED_FUNCTION = YES;
				GCC_WARN_UNUSED_VARIABLE = YES;
				MACOSX_DEPLOYMENT_TARGET = 13.0;
				MARKETING_VERSION = 1.0.0;
				MTL_ENABLE_DEBUG_INFO = INCLUDE_SOURCE;
				MTL_FAST_MATH = YES;
				ONLY_ACTIVE_ARCH = YES;
				PRODUCT_NAME = "$(TARGET_NAME)";
				SDKROOT = macosx;
				SWIFT_ACTIVE_COMPILATION_CONDITIONS = DEBUG;
				SWIFT_OPTIMIZATION_LEVEL = "-Onone";
				SWIFT_VERSION = 5.9;
			};
			name = Debug;
		};
/* End XCBuildConfiguration section */

/* Begin XCConfigurationList section */
		71F15896F64230EBA9744D50 /* Build configuration list for PBXProject "BTreadmill" */ = {
			isa = XCConfigurationList;
			buildConfigurations = (
				71C7A8E83676BE4A304F2C5F /* Debug */,
				24FDD3826085579C26C2CFD0 /* Release */,
			);
			defaultConfigurationIsVisible = 0;
			defaultConfigurationName = Debug;
		};
		8E0994FDE60A0ED877EE810F /* Build configuration list for PBXNativeTarget "BTreadmill" */ = {
			isa = XCConfigurationList;
			buildConfigurations = (
				4997D76E96592C278FB07570 /* Debug */,
				4CC64C5A1A375D5256BFC470 /* Release */,
			);
			defaultConfigurationIsVisible = 0;
			defaultConfigurationName = Debug;
		};
/* End XCConfigurationList section */
	};
	rootObject = 24A2A5D7ED0DBAFDE97E2071 /* Project object */;
}
